
Microsoft Visual Studio Solution File, Format Version 12.00
Project("{FAE04EC0-301F-11D3-BF4B-00C04F79EFBC}") = "TestRunner", "TestRunner\TestRunner.csproj", "{342F1220-90F9-4331-B3AB-A83558FB7EB8}"
EndProject
Project("{FAE04EC0-301F-11D3-BF4B-00C04F79EFBC}") = "GraphLib", "GraphLib\GraphLib.csproj", "{106D5E0A-952C-4901-AB91-39DAE6B23B3A}"
EndProject
Global
	GlobalSection(SolutionConfigurationPlatforms) = preSolution
		Debug|Any CPU = Debug|Any CPU
		Release|Any CPU = Release|Any CPU
	EndGlobalSection
	GlobalSection(ProjectConfigurationPlatforms) = postSolution
		{342F1220-90F9-4331-B3AB-A83558FB7EB8}.Debug|Any CPU.ActiveCfg = Debug|Any CPU
		{342F1220-90F9-4331-B3AB-A83558FB7EB8}.Debug|Any CPU.Build.0 = Debug|Any CPU
		{342F1220-90F9-4331-B3AB-A83558FB7EB8}.Release|Any CPU.ActiveCfg = Release|Any CPU
		{342F1220-90F9-4331-B3AB-A83558FB7EB8}.Release|Any CPU.Build.0 = Release|Any CPU
		{106D5E0A-952C-4901-AB91-39DAE6B23B3A}.Debug|Any CPU.ActiveCfg = Debug|Any CPU
		{106D5E0A-952C-4901-AB91-39DAE6B23B3A}.Debug|Any CPU.Build.0 = Debug|Any CPU
		{106D5E0A-952C-4901-AB91-39DAE6B23B3A}.Release|Any CPU.ActiveCfg = Release|Any CPU
		{106D5E0A-952C-4901-AB91-39DAE6B23B3A}.Release|Any CPU.Build.0 = Release|Any CPU
	EndGlobalSection
	GlobalSection(NestedProjects) = preSolution
	EndGlobalSection
EndGlobal
