
Microsoft Visual Studio Solution File, Format Version 12.00
# Visual Studio Version 17
VisualStudioVersion = 17.4.33205.214
MinimumVisualStudioVersion = 10.0.40219.1
Project("{9A19103F-16F7-4668-BE54-9A1E7A4F7556}") = "TestRunner", "TestRunner\TestRunner.csproj", "{342F1220-90F9-4331-B3AB-A83558FB7EB8}"
EndProject
Project("{9A19103F-16F7-4668-BE54-9A1E7A4F7556}") = "GraphLib", "GraphLib\GraphLib.csproj", "{106D5E0A-952C-4901-AB91-39DAE6B23B3A}"
EndProject
Project("{9A19103F-16F7-4668-BE54-9A1E7A4F7556}") = "HamiltonianPathGui", "HamiltonianPathGui\HamiltonianPathGui.csproj", "{8BD8CD6C-0978-470B-9F05-269914E4672E}"
EndProject
Project("{9A19103F-16F7-4668-BE54-9A1E7A4F7556}") = "MsaglGraphExtensions", "MsaglAdapter\MsaglGraphExtensions.csproj", "{30F9BA77-A357-4420-9430-1C101D0DE3C3}"
EndProject
Global
	GlobalSection(SolutionConfigurationPlatforms) = preSolution
		Debug|Any CPU = Debug|Any CPU
		Release|Any CPU = Release|Any CPU
	EndGlobalSection
	GlobalSection(ProjectConfigurationPlatforms) = postSolution
		{342F1220-90F9-4331-B3AB-A83558FB7EB8}.Debug|Any CPU.ActiveCfg = Debug|Any CPU
		{342F1220-90F9-4331-B3AB-A83558FB7EB8}.Debug|Any CPU.Build.0 = Debug|Any CPU
		{342F1220-90F9-4331-B3AB-A83558FB7EB8}.Release|Any CPU.ActiveCfg = Release|Any CPU
		{342F1220-90F9-4331-B3AB-A83558FB7EB8}.Release|Any CPU.Build.0 = Release|Any CPU
		{106D5E0A-952C-4901-AB91-39DAE6B23B3A}.Debug|Any CPU.ActiveCfg = Debug|Any CPU
		{106D5E0A-952C-4901-AB91-39DAE6B23B3A}.Debug|Any CPU.Build.0 = Debug|Any CPU
		{106D5E0A-952C-4901-AB91-39DAE6B23B3A}.Release|Any CPU.ActiveCfg = Release|Any CPU
		{106D5E0A-952C-4901-AB91-39DAE6B23B3A}.Release|Any CPU.Build.0 = Release|Any CPU
		{8BD8CD6C-0978-470B-9F05-269914E4672E}.Debug|Any CPU.ActiveCfg = Debug|Any CPU
		{8BD8CD6C-0978-470B-9F05-269914E4672E}.Debug|Any CPU.Build.0 = Debug|Any CPU
		{8BD8CD6C-0978-470B-9F05-269914E4672E}.Release|Any CPU.ActiveCfg = Release|Any CPU
		{8BD8CD6C-0978-470B-9F05-269914E4672E}.Release|Any CPU.Build.0 = Release|Any CPU
		{30F9BA77-A357-4420-9430-1C101D0DE3C3}.Debug|Any CPU.ActiveCfg = Debug|Any CPU
		{30F9BA77-A357-4420-9430-1C101D0DE3C3}.Debug|Any CPU.Build.0 = Debug|Any CPU
		{30F9BA77-A357-4420-9430-1C101D0DE3C3}.Release|Any CPU.ActiveCfg = Release|Any CPU
		{30F9BA77-A357-4420-9430-1C101D0DE3C3}.Release|Any CPU.Build.0 = Release|Any CPU
	EndGlobalSection
	GlobalSection(SolutionProperties) = preSolution
		HideSolutionNode = FALSE
	EndGlobalSection
	GlobalSection(ExtensibilityGlobals) = postSolution
		SolutionGuid = {72468C7D-82A2-49E7-B13E-7DF2703DD12E}
	EndGlobalSection
EndGlobal
